// !$*UTF8*$!
{
	archiveVersion = 1;
	classes = {
	};
	objectVersion = 51;
	objects = {

/* Begin PBXBuildFile section */
		5045190D759A4E9A8BDB050D /* Pods_TakeNote.framework in Frameworks */ = {isa = PBXBuildFile; fileRef = 7B6E1BA67C9D8FE87C5654CD /* Pods_TakeNote.framework */; };
		A21AFAF8256AB3CF0078DBFB /* AppDelegate.swift in Sources */ = {isa = PBXBuildFile; fileRef = A21AFAF7256AB3CF0078DBFB /* AppDelegate.swift */; };
		A21AFAFA256AB3CF0078DBFB /* SceneDelegate.swift in Sources */ = {isa = PBXBuildFile; fileRef = A21AFAF9256AB3CF0078DBFB /* SceneDelegate.swift */; };
		A21AFAFC256AB3CF0078DBFB /* CategoryViewController.swift in Sources */ = {isa = PBXBuildFile; fileRef = A21AFAFB256AB3CF0078DBFB /* CategoryViewController.swift */; };
		A21AFAFF256AB3CF0078DBFB /* Main.storyboard in Resources */ = {isa = PBXBuildFile; fileRef = A21AFAFD256AB3CF0078DBFB /* Main.storyboard */; };
		A21AFB04256AB3D50078DBFB /* Assets.xcassets in Resources */ = {isa = PBXBuildFile; fileRef = A21AFB03256AB3D50078DBFB /* Assets.xcassets */; };
		A21AFB07256AB3D50078DBFB /* LaunchScreen.storyboard in Resources */ = {isa = PBXBuildFile; fileRef = A21AFB05256AB3D50078DBFB /* LaunchScreen.storyboard */; };
		A21AFB12256AB73A0078DBFB /* Constants.swift in Sources */ = {isa = PBXBuildFile; fileRef = A21AFB11256AB73A0078DBFB /* Constants.swift */; };
		A23E468B256BC7BA0066A61B /* NoteViewController.swift in Sources */ = {isa = PBXBuildFile; fileRef = A23E468A256BC7BA0066A61B /* NoteViewController.swift */; };
		A23E468D256BD4970066A61B /* AddViewController.swift in Sources */ = {isa = PBXBuildFile; fileRef = A23E468C256BD4970066A61B /* AddViewController.swift */; };
		A2D4F87E256D614800977F66 /* UpdateViewController.swift in Sources */ = {isa = PBXBuildFile; fileRef = A2D4F87D256D614800977F66 /* UpdateViewController.swift */; };
		A2F1728C2574C3B900E780A2 /* Category.swift in Sources */ = {isa = PBXBuildFile; fileRef = A2F1728B2574C3B900E780A2 /* Category.swift */; };
		A2F1728E2574C43800E780A2 /* Note.swift in Sources */ = {isa = PBXBuildFile; fileRef = A2F1728D2574C43800E780A2 /* Note.swift */; };
/* End PBXBuildFile section */

/* Begin PBXFileReference section */
		146A02BB5D21AB0326F63044 /* Pods-TakeNote.release.xcconfig */ = {isa = PBXFileReference; includeInIndex = 1; lastKnownFileType = text.xcconfig; name = "Pods-TakeNote.release.xcconfig"; path = "Target Support Files/Pods-TakeNote/Pods-TakeNote.release.xcconfig"; sourceTree = "<group>"; };
		7B6E1BA67C9D8FE87C5654CD /* Pods_TakeNote.framework */ = {isa = PBXFileReference; explicitFileType = wrapper.framework; includeInIndex = 0; path = Pods_TakeNote.framework; sourceTree = BUILT_PRODUCTS_DIR; };
		A21AFAF4256AB3CF0078DBFB /* TakeNote.app */ = {isa = PBXFileReference; explicitFileType = wrapper.application; includeInIndex = 0; path = TakeNote.app; sourceTree = BUILT_PRODUCTS_DIR; };
		A21AFAF7256AB3CF0078DBFB /* AppDelegate.swift */ = {isa = PBXFileReference; lastKnownFileType = sourcecode.swift; path = AppDelegate.swift; sourceTree = "<group>"; };
		A21AFAF9256AB3CF0078DBFB /* SceneDelegate.swift */ = {isa = PBXFileReference; lastKnownFileType = sourcecode.swift; path = SceneDelegate.swift; sourceTree = "<group>"; };
		A21AFAFB256AB3CF0078DBFB /* CategoryViewController.swift */ = {isa = PBXFileReference; lastKnownFileType = sourcecode.swift; path = CategoryViewController.swift; sourceTree = "<group>"; };
		A21AFAFE256AB3CF0078DBFB /* Base */ = {isa = PBXFileReference; lastKnownFileType = file.storyboard; name = Base; path = Base.lproj/Main.storyboard; sourceTree = "<group>"; };
		A21AFB03256AB3D50078DBFB /* Assets.xcassets */ = {isa = PBXFileReference; lastKnownFileType = folder.assetcatalog; path = Assets.xcassets; sourceTree = "<group>"; };
		A21AFB06256AB3D50078DBFB /* Base */ = {isa = PBXFileReference; lastKnownFileType = file.storyboard; name = Base; path = Base.lproj/LaunchScreen.storyboard; sourceTree = "<group>"; };
		A21AFB08256AB3D50078DBFB /* Info.plist */ = {isa = PBXFileReference; lastKnownFileType = text.plist.xml; path = Info.plist; sourceTree = "<group>"; };
		A21AFB11256AB73A0078DBFB /* Constants.swift */ = {isa = PBXFileReference; lastKnownFileType = sourcecode.swift; path = Constants.swift; sourceTree = "<group>"; };
		A23E468A256BC7BA0066A61B /* NoteViewController.swift */ = {isa = PBXFileReference; lastKnownFileType = sourcecode.swift; path = NoteViewController.swift; sourceTree = "<group>"; };
		A23E468C256BD4970066A61B /* AddViewController.swift */ = {isa = PBXFileReference; lastKnownFileType = sourcecode.swift; path = AddViewController.swift; sourceTree = "<group>"; };
		A2D4F87D256D614800977F66 /* UpdateViewController.swift */ = {isa = PBXFileReference; lastKnownFileType = sourcecode.swift; path = UpdateViewController.swift; sourceTree = "<group>"; };
		A2F1728B2574C3B900E780A2 /* Category.swift */ = {isa = PBXFileReference; lastKnownFileType = sourcecode.swift; path = Category.swift; sourceTree = "<group>"; };
		A2F1728D2574C43800E780A2 /* Note.swift */ = {isa = PBXFileReference; lastKnownFileType = sourcecode.swift; path = Note.swift; sourceTree = "<group>"; };
		A3512AC9575967E70FF3B1E1 /* Pods-TakeNote.debug.xcconfig */ = {isa = PBXFileReference; includeInIndex = 1; lastKnownFileType = text.xcconfig; name = "Pods-TakeNote.debug.xcconfig"; path = "Target Support Files/Pods-TakeNote/Pods-TakeNote.debug.xcconfig"; sourceTree = "<group>"; };
/* End PBXFileReference section */

/* Begin PBXFrameworksBuildPhase section */
		A21AFAF1256AB3CF0078DBFB /* Frameworks */ = {
			isa = PBXFrameworksBuildPhase;
			buildActionMask = 2147483647;
			files = (
				5045190D759A4E9A8BDB050D /* Pods_TakeNote.framework in Frameworks */,
			);
			runOnlyForDeploymentPostprocessing = 0;
		};
/* End PBXFrameworksBuildPhase section */

/* Begin PBXGroup section */
		7B866D2B0BF842597ECF9B99 /* Pods */ = {
			isa = PBXGroup;
			children = (
				A3512AC9575967E70FF3B1E1 /* Pods-TakeNote.debug.xcconfig */,
				146A02BB5D21AB0326F63044 /* Pods-TakeNote.release.xcconfig */,
			);
			path = Pods;
			sourceTree = "<group>";
		};
		A21AFAEB256AB3CF0078DBFB = {
			isa = PBXGroup;
			children = (
				A21AFAF6256AB3CF0078DBFB /* TakeNote */,
				A21AFAF5256AB3CF0078DBFB /* Products */,
				7B866D2B0BF842597ECF9B99 /* Pods */,
				EC70007556791FFDD20BE532 /* Frameworks */,
			);
			sourceTree = "<group>";
		};
		A21AFAF5256AB3CF0078DBFB /* Products */ = {
			isa = PBXGroup;
			children = (
				A21AFAF4256AB3CF0078DBFB /* TakeNote.app */,
			);
			name = Products;
			sourceTree = "<group>";
		};
		A21AFAF6256AB3CF0078DBFB /* TakeNote */ = {
			isa = PBXGroup;
			children = (
				A21AFAF7256AB3CF0078DBFB /* AppDelegate.swift */,
				A21AFAF9256AB3CF0078DBFB /* SceneDelegate.swift */,
				A21AFB10256AB6F80078DBFB /* Model */,
				A21AFB0E256AB6E00078DBFB /* Controller */,
				A21AFB0F256AB6EA0078DBFB /* View */,
				A21AFB13256ABE650078DBFB /* Supporting Staff */,
				A21AFB08256AB3D50078DBFB /* Info.plist */,
				A21AFB11256AB73A0078DBFB /* Constants.swift */,
			);
			path = TakeNote;
			sourceTree = "<group>";
		};
		A21AFB0E256AB6E00078DBFB /* Controller */ = {
			isa = PBXGroup;
			children = (
				A21AFAFB256AB3CF0078DBFB /* CategoryViewController.swift */,
				A23E468A256BC7BA0066A61B /* NoteViewController.swift */,
				A23E468C256BD4970066A61B /* AddViewController.swift */,
				A2D4F87D256D614800977F66 /* UpdateViewController.swift */,
			);
			path = Controller;
			sourceTree = "<group>";
		};
		A21AFB0F256AB6EA0078DBFB /* View */ = {
			isa = PBXGroup;
			children = (
				A21AFAFD256AB3CF0078DBFB /* Main.storyboard */,
			);
			path = View;
			sourceTree = "<group>";
		};
		A21AFB10256AB6F80078DBFB /* Model */ = {
			isa = PBXGroup;
			children = (
				A2F1728B2574C3B900E780A2 /* Category.swift */,
				A2F1728D2574C43800E780A2 /* Note.swift */,
			);
			path = Model;
			sourceTree = "<group>";
		};
		A21AFB13256ABE650078DBFB /* Supporting Staff */ = {
			isa = PBXGroup;
			children = (
				A21AFB03256AB3D50078DBFB /* Assets.xcassets */,
				A21AFB05256AB3D50078DBFB /* LaunchScreen.storyboard */,
			);
			path = "Supporting Staff";
			sourceTree = "<group>";
		};
		EC70007556791FFDD20BE532 /* Frameworks */ = {
			isa = PBXGroup;
			children = (
				7B6E1BA67C9D8FE87C5654CD /* Pods_TakeNote.framework */,
			);
			name = Frameworks;
			sourceTree = "<group>";
		};
/* End PBXGroup section */

/* Begin PBXNativeTarget section */
		A21AFAF3256AB3CF0078DBFB /* TakeNote */ = {
			isa = PBXNativeTarget;
			buildConfigurationList = A21AFB0B256AB3D50078DBFB /* Build configuration list for PBXNativeTarget "TakeNote" */;
			buildPhases = (
				137C7FE362EF21FF0CBA6771 /* [CP] Check Pods Manifest.lock */,
				A21AFAF0256AB3CF0078DBFB /* Sources */,
				A21AFAF1256AB3CF0078DBFB /* Frameworks */,
				A21AFAF2256AB3CF0078DBFB /* Resources */,
				2E5AE64A727479C69013C682 /* [CP] Embed Pods Frameworks */,
			);
			buildRules = (
			);
			dependencies = (
			);
			name = TakeNote;
			productName = TakeNote;
			productReference = A21AFAF4256AB3CF0078DBFB /* TakeNote.app */;
			productType = "com.apple.product-type.application";
		};
/* End PBXNativeTarget section */

/* Begin PBXProject section */
		A21AFAEC256AB3CF0078DBFB /* Project object */ = {
			isa = PBXProject;
			attributes = {
				LastSwiftUpdateCheck = 1140;
				LastUpgradeCheck = 1140;
				ORGANIZATIONNAME = Syimyk;
				TargetAttributes = {
					A21AFAF3256AB3CF0078DBFB = {
						CreatedOnToolsVersion = 11.4.1;
					};
				};
			};
			buildConfigurationList = A21AFAEF256AB3CF0078DBFB /* Build configuration list for PBXProject "TakeNote" */;
			compatibilityVersion = "Xcode 9.3";
			developmentRegion = en;
			hasScannedForEncodings = 0;
			knownRegions = (
				en,
				Base,
			);
			mainGroup = A21AFAEB256AB3CF0078DBFB;
			productRefGroup = A21AFAF5256AB3CF0078DBFB /* Products */;
			projectDirPath = "";
			projectRoot = "";
			targets = (
				A21AFAF3256AB3CF0078DBFB /* TakeNote */,
			);
		};
/* End PBXProject section */

/* Begin PBXResourcesBuildPhase section */
		A21AFAF2256AB3CF0078DBFB /* Resources */ = {
			isa = PBXResourcesBuildPhase;
			buildActionMask = 2147483647;
			files = (
				A21AFB07256AB3D50078DBFB /* LaunchScreen.storyboard in Resources */,
				A21AFB04256AB3D50078DBFB /* Assets.xcassets in Resources */,
				A21AFAFF256AB3CF0078DBFB /* Main.storyboard in Resources */,
			);
			runOnlyForDeploymentPostprocessing = 0;
		};
/* End PBXResourcesBuildPhase section */

/* Begin PBXShellScriptBuildPhase section */
		137C7FE362EF21FF0CBA6771 /* [CP] Check Pods Manifest.lock */ = {
			isa = PBXShellScriptBuildPhase;
			buildActionMask = 2147483647;
			files = (
			);
			inputFileListPaths = (
			);
			inputPaths = (
				"${PODS_PODFILE_DIR_PATH}/Podfile.lock",
				"${PODS_ROOT}/Manifest.lock",
			);
			name = "[CP] Check Pods Manifest.lock";
			outputFileListPaths = (
			);
			outputPaths = (
				"$(DERIVED_FILE_DIR)/Pods-TakeNote-checkManifestLockResult.txt",
			);
			runOnlyForDeploymentPostprocessing = 0;
			shellPath = /bin/sh;
			shellScript = "diff \"${PODS_PODFILE_DIR_PATH}/Podfile.lock\" \"${PODS_ROOT}/Manifest.lock\" > /dev/null\nif [ $? != 0 ] ; then\n    # print error to STDERR\n    echo \"error: The sandbox is not in sync with the Podfile.lock. Run 'pod install' or update your CocoaPods installation.\" >&2\n    exit 1\nfi\n# This output is used by Xcode 'outputs' to avoid re-running this script phase.\necho \"SUCCESS\" > \"${SCRIPT_OUTPUT_FILE_0}\"\n";
			showEnvVarsInLog = 0;
		};
		2E5AE64A727479C69013C682 /* [CP] Embed Pods Frameworks */ = {
			isa = PBXShellScriptBuildPhase;
			buildActionMask = 2147483647;
			files = (
			);
			inputFileListPaths = (
				"${PODS_ROOT}/Target Support Files/Pods-TakeNote/Pods-TakeNote-frameworks-${CONFIGURATION}-input-files.xcfilelist",
			);
			name = "[CP] Embed Pods Frameworks";
			outputFileListPaths = (
				"${PODS_ROOT}/Target Support Files/Pods-TakeNote/Pods-TakeNote-frameworks-${CONFIGURATION}-output-files.xcfilelist",
			);
			runOnlyForDeploymentPostprocessing = 0;
			shellPath = /bin/sh;
			shellScript = "\"${PODS_ROOT}/Target Support Files/Pods-TakeNote/Pods-TakeNote-frameworks.sh\"\n";
			showEnvVarsInLog = 0;
		};
/* End PBXShellScriptBuildPhase section */

/* Begin PBXSourcesBuildPhase section */
		A21AFAF0256AB3CF0078DBFB /* Sources */ = {
			isa = PBXSourcesBuildPhase;
			buildActionMask = 2147483647;
			files = (
				A21AFB12256AB73A0078DBFB /* Constants.swift in Sources */,
				A23E468D256BD4970066A61B /* AddViewController.swift in Sources */,
				A21AFAFC256AB3CF0078DBFB /* CategoryViewController.swift in Sources */,
				A21AFAF8256AB3CF0078DBFB /* AppDelegate.swift in Sources */,
				A23E468B256BC7BA0066A61B /* NoteViewController.swift in Sources */,
				A2F1728E2574C43800E780A2 /* Note.swift in Sources */,
				A21AFAFA256AB3CF0078DBFB /* SceneDelegate.swift in Sources */,
				A2D4F87E256D614800977F66 /* UpdateViewController.swift in Sources */,
				A2F1728C2574C3B900E780A2 /* Category.swift in Sources */,
			);
			runOnlyForDeploymentPostprocessing = 0;
		};
/* End PBXSourcesBuildPhase section */

/* Begin PBXVariantGroup section */
		A21AFAFD256AB3CF0078DBFB /* Main.storyboard */ = {
			isa = PBXVariantGroup;
			children = (
				A21AFAFE256AB3CF0078DBFB /* Base */,
			);
			name = Main.storyboard;
			sourceTree = "<group>";
		};
		A21AFB05256AB3D50078DBFB /* LaunchScreen.storyboard */ = {
			isa = PBXVariantGroup;
			children = (
				A21AFB06256AB3D50078DBFB /* Base */,
			);
			name = LaunchScreen.storyboard;
			sourceTree = "<group>";
		};
/* End PBXVariantGroup section */

/* Begin XCBuildConfiguration section */
		A21AFB09256AB3D50078DBFB /* Debug */ = {
			isa = XCBuildConfiguration;
			buildSettings = {
				ALWAYS_SEARCH_USER_PATHS = NO;
				CLANG_ANALYZER_NONNULL = YES;
				CLANG_ANALYZER_NUMBER_OBJECT_CONVERSION = YES_AGGRESSIVE;
				CLANG_CXX_LANGUAGE_STANDARD = "gnu++14";
				CLANG_CXX_LIBRARY = "libc++";
				CLANG_ENABLE_MODULES = YES;
				CLANG_ENABLE_OBJC_ARC = YES;
				CLANG_ENABLE_OBJC_WEAK = YES;
				CLANG_WARN_BLOCK_CAPTURE_AUTORELEASING = YES;
				CLANG_WARN_BOOL_CONVERSION = YES;
				CLANG_WARN_COMMA = YES;
				CLANG_WARN_CONSTANT_CONVERSION = YES;
				CLANG_WARN_DEPRECATED_OBJC_IMPLEMENTATIONS = YES;
				CLANG_WARN_DIRECT_OBJC_ISA_USAGE = YES_ERROR;
				CLANG_WARN_DOCUMENTATION_COMMENTS = YES;
				CLANG_WARN_EMPTY_BODY = YES;
				CLANG_WARN_ENUM_CONVERSION = YES;
				CLANG_WARN_INFINITE_RECURSION = YES;
				CLANG_WARN_INT_CONVERSION = YES;
				CLANG_WARN_NON_LITERAL_NULL_CONVERSION = YES;
				CLANG_WARN_OBJC_IMPLICIT_RETAIN_SELF = YES;
				CLANG_WARN_OBJC_LITERAL_CONVERSION = YES;
				CLANG_WARN_OBJC_ROOT_CLASS = YES_ERROR;
				CLANG_WARN_RANGE_LOOP_ANALYSIS = YES;
				CLANG_WARN_STRICT_PROTOTYPES = YES;
				CLANG_WARN_SUSPICIOUS_MOVE = YES;
				CLANG_WARN_UNGUARDED_AVAILABILITY = YES_AGGRESSIVE;
				CLANG_WARN_UNREACHABLE_CODE = YES;
				CLANG_WARN__DUPLICATE_METHOD_MATCH = YES;
				COPY_PHASE_STRIP = NO;
				DEBUG_INFORMATION_FORMAT = dwarf;
				ENABLE_STRICT_OBJC_MSGSEND = YES;
				ENABLE_TESTABILITY = YES;
				GCC_C_LANGUAGE_STANDARD = gnu11;
				GCC_DYNAMIC_NO_PIC = NO;
				GCC_NO_COMMON_BLOCKS = YES;
				GCC_OPTIMIZATION_LEVEL = 0;
				GCC_PREPROCESSOR_DEFINITIONS = (
					"DEBUG=1",
					"$(inherited)",
				);
				GCC_WARN_64_TO_32_BIT_CONVERSION = YES;
				GCC_WARN_ABOUT_RETURN_TYPE = YES_ERROR;
				GCC_WARN_UNDECLARED_SELECTOR = YES;
				GCC_WARN_UNINITIALIZED_AUTOS = YES_AGGRESSIVE;
				GCC_WARN_UNUSED_FUNCTION = YES;
				GCC_WARN_UNUSED_VARIABLE = YES;
				IPHONEOS_DEPLOYMENT_TARGET = 13.4;
				MTL_ENABLE_DEBUG_INFO = INCLUDE_SOURCE;
				MTL_FAST_MATH = YES;
				ONLY_ACTIVE_ARCH = YES;
				SDKROOT = iphoneos;
				SWIFT_ACTIVE_COMPILATION_CONDITIONS = DEBUG;
				SWIFT_OPTIMIZATION_LEVEL = "-Onone";
			};
			name = Debug;
		};
		A21AFB0A256AB3D50078DBFB /* Release */ = {
			isa = XCBuildConfiguration;
			buildSettings = {
				ALWAYS_SEARCH_USER_PATHS = NO;
				CLANG_ANALYZER_NONNULL = YES;
				CLANG_ANALYZER_NUMBER_OBJECT_CONVERSION = YES_AGGRESSIVE;
				CLANG_CXX_LANGUAGE_STANDARD = "gnu++14";
				CLANG_CXX_LIBRARY = "libc++";
				CLANG_ENABLE_MODULES = YES;
				CLANG_ENABLE_OBJC_ARC = YES;
				CLANG_ENABLE_OBJC_WEAK = YES;
				CLANG_WARN_BLOCK_CAPTURE_AUTORELEASING = YES;
				CLANG_WARN_BOOL_CONVERSION = YES;
				CLANG_WARN_COMMA = YES;
				CLANG_WARN_CONSTANT_CONVERSION = YES;
				CLANG_WARN_DEPRECATED_OBJC_IMPLEMENTATIONS = YES;
				CLANG_WARN_DIRECT_OBJC_ISA_USAGE = YES_ERROR;
				CLANG_WARN_DOCUMENTATION_COMMENTS = YES;
				CLANG_WARN_EMPTY_BODY = YES;
				CLANG_WARN_ENUM_CONVERSION = YES;
				CLANG_WARN_INFINITE_RECURSION = YES;
				CLANG_WARN_INT_CONVERSION = YES;
				CLANG_WARN_NON_LITERAL_NULL_CONVERSION = YES;
				CLANG_WARN_OBJC_IMPLICIT_RETAIN_SELF = YES;
				CLANG_WARN_OBJC_LITERAL_CONVERSION = YES;
				CLANG_WARN_OBJC_ROOT_CLASS = YES_ERROR;
				CLANG_WARN_RANGE_LOOP_ANALYSIS = YES;
				CLANG_WARN_STRICT_PROTOTYPES = YES;
				CLANG_WARN_SUSPICIOUS_MOVE = YES;
				CLANG_WARN_UNGUARDED_AVAILABILITY = YES_AGGRESSIVE;
				CLANG_WARN_UNREACHABLE_CODE = YES;
				CLANG_WARN__DUPLICATE_METHOD_MATCH = YES;
				COPY_PHASE_STRIP = NO;
				DEBUG_INFORMATION_FORMAT = "dwarf-with-dsym";
				ENABLE_NS_ASSERTIONS = NO;
				ENABLE_STRICT_OBJC_MSGSEND = YES;
				GCC_C_LANGUAGE_STANDARD = gnu11;
				GCC_NO_COMMON_BLOCKS = YES;
				GCC_WARN_64_TO_32_BIT_CONVERSION = YES;
				GCC_WARN_ABOUT_RETURN_TYPE = YES_ERROR;
				GCC_WARN_UNDECLARED_SELECTOR = YES;
				GCC_WARN_UNINITIALIZED_AUTOS = YES_AGGRESSIVE;
				GCC_WARN_UNUSED_FUNCTION = YES;
				GCC_WARN_UNUSED_VARIABLE = YES;
				IPHONEOS_DEPLOYMENT_TARGET = 13.4;
				MTL_ENABLE_DEBUG_INFO = NO;
				MTL_FAST_MATH = YES;
				SDKROOT = iphoneos;
				SWIFT_COMPILATION_MODE = wholemodule;
				SWIFT_OPTIMIZATION_LEVEL = "-O";
				VALIDATE_PRODUCT = YES;
			};
			name = Release;
		};
		A21AFB0C256AB3D50078DBFB /* Debug */ = {
			isa = XCBuildConfiguration;
			baseConfigurationReference = A3512AC9575967E70FF3B1E1 /* Pods-TakeNote.debug.xcconfig */;
			buildSettings = {
				ASSETCATALOG_COMPILER_APPICON_NAME = AppIcon;
				CODE_SIGN_STYLE = Automatic;
				INFOPLIST_FILE = TakeNote/Info.plist;
				LD_RUNPATH_SEARCH_PATHS = (
					"$(inherited)",
					"@executable_path/Frameworks",
				);
				PRODUCT_BUNDLE_IDENTIFIER = co.syimyk.TakeNote;
				PRODUCT_NAME = "$(TARGET_NAME)";
				SWIFT_VERSION = 5.0;
				TARGETED_DEVICE_FAMILY = "1,2";
			};
			name = Debug;
		};
		A21AFB0D256AB3D50078DBFB /* Release */ = {
			isa = XCBuildConfiguration;
			baseConfigurationReference = 146A02BB5D21AB0326F63044 /* Pods-TakeNote.release.xcconfig */;
			buildSettings = {
				ASSETCATALOG_COMPILER_APPICON_NAME = AppIcon;
				CODE_SIGN_STYLE = Automatic;
				INFOPLIST_FILE = TakeNote/Info.plist;
				LD_RUNPATH_SEARCH_PATHS = (
					"$(inherited)",
					"@executable_path/Frameworks",
				);
				PRODUCT_BUNDLE_IDENTIFIER = co.syimyk.TakeNote;
				PRODUCT_NAME = "$(TARGET_NAME)";
				SWIFT_VERSION = 5.0;
				TARGETED_DEVICE_FAMILY = "1,2";
			};
			name = Release;
		};
/* End XCBuildConfiguration section */

/* Begin XCConfigurationList section */
		A21AFAEF256AB3CF0078DBFB /* Build configuration list for PBXProject "TakeNote" */ = {
			isa = XCConfigurationList;
			buildConfigurations = (
				A21AFB09256AB3D50078DBFB /* Debug */,
				A21AFB0A256AB3D50078DBFB /* Release */,
			);
			defaultConfigurationIsVisible = 0;
			defaultConfigurationName = Release;
		};
		A21AFB0B256AB3D50078DBFB /* Build configuration list for PBXNativeTarget "TakeNote" */ = {
			isa = XCConfigurationList;
			buildConfigurations = (
				A21AFB0C256AB3D50078DBFB /* Debug */,
				A21AFB0D256AB3D50078DBFB /* Release */,
			);
			defaultConfigurationIsVisible = 0;
			defaultConfigurationName = Release;
		};
/* End XCConfigurationList section */
	};
	rootObject = A21AFAEC256AB3CF0078DBFB /* Project object */;
}
